{
  "socketPath": "/tmp/mcp-YmBWR1/mcp.sock",
  "scheme": "unix",
  "headers": {
    "Authorization": "Nonce 0edcbcdf-dcf3-4e1e-99ab-b0222c92f822"
  },
  "pid": 5312,
  "ideName": "Visual Studio Code",
  "timestamp": 1776072417908,
  "workspaceFolders": [
    "/teamspace/studios/this_studio"
  ],
  "isTrusted": true
}